Microsoft Visual Studio Solution File, Format Version 12.00
# Visual Studio Version 16
VisualStudioVersion = 16.0.29424.173
MinimumVisualStudioVersion = 10.0.40219.1
Project("{2150E333-8FDC-42A3-9474-1A3956D46DE8}") = "Solution Items", "Solution Items", "{CBDD9E14-DB01-4A87-8579-A3A1879C4EAE}"
EndProject
Project("{FAE04EC0-301F-11D3-BF4B-00C04F79EFBC}") = "ChapterGrabber", "ChapterGrabber.csproj", "{CA7A6315-94D9-4070-9C1A-B59CDB8A1CA8}"
EndProject
Global
	GlobalSection(SolutionConfigurationPlatforms) = preSolution
		Debug|Any CPU = Debug|Any CPU
		Debug|Mixed Platforms = Debug|Mixed Platforms
		Debug|x86 = Debug|x86
		Release|Any CPU = Release|Any CPU
		Release|Mixed Platforms = Release|Mixed Platforms
		Release|x86 = Release|x86
	EndGlobalSection
	GlobalSection(ProjectConfigurationPlatforms) = postSolution
		{CA7A6315-94D9-4070-9C1A-B59CDB8A1CA8}.Debug|Any CPU.ActiveCfg = Debug|Any CPU
		{CA7A6315-94D9-4070-9C1A-B59CDB8A1CA8}.Debug|Any CPU.Build.0 = Debug|Any CPU
		{CA7A6315-94D9-4070-9C1A-B59CDB8A1CA8}.Debug|Mixed Platforms.ActiveCfg = Debug|Any CPU
		{CA7A6315-94D9-4070-9C1A-B59CDB8A1CA8}.Debug|Mixed Platforms.Build.0 = Debug|Any CPU
		{CA7A6315-94D9-4070-9C1A-B59CDB8A1CA8}.Debug|x86.ActiveCfg = Debug|Any CPU
		{CA7A6315-94D9-4070-9C1A-B59CDB8A1CA8}.Release|Any CPU.ActiveCfg = Release|Any CPU
		{CA7A6315-94D9-4070-9C1A-B59CDB8A1CA8}.Release|Any CPU.Build.0 = Release|Any CPU
		{CA7A6315-94D9-4070-9C1A-B59CDB8A1CA8}.Release|Mixed Platforms.ActiveCfg = Release|Any CPU
		{CA7A6315-94D9-4070-9C1A-B59CDB8A1CA8}.Release|Mixed Platforms.Build.0 = Release|Any CPU
		{CA7A6315-94D9-4070-9C1A-B59CDB8A1CA8}.Release|x86.ActiveCfg = Release|Any CPU
	EndGlobalSection
	GlobalSection(SolutionProperties) = preSolution
		HideSolutionNode = FALSE
	EndGlobalSection
	GlobalSection(ExtensibilityGlobals) = postSolution
		XCSharpSolutionEnabled = True
		XCSharpProjectsDisabled = 
		SolutionGuid = {FB835A6E-92FC-4659-880C-8B84B2EA5C8F}
	EndGlobalSection
	GlobalSection(TestCaseManagementSettings) = postSolution
		CategoryFile = ChapterGrabber.vsmdi
	EndGlobalSection
EndGlobal
